
Microsoft Visual Studio Solution File, Format Version 12.00
# Visual Studio Version 17
VisualStudioVersion = 17.7.34031.279
MinimumVisualStudioVersion = 10.0.40219.1
Project("{FAE04EC0-301F-11D3-BF4B-00C04F79EFBC}") = "Gestion-Concesionario", "Gestion-Concesionario.csproj", "{734893DC-6C4A-4D83-8334-3ED5003AB3F2}"
EndProject
Global
	GlobalSection(SolutionConfigurationPlatforms) = preSolution
		Debug|Any CPU = Debug|Any CPU
		Release|Any CPU = Release|Any CPU
	EndGlobalSection
	GlobalSection(ProjectConfigurationPlatforms) = postSolution
		{734893DC-6C4A-4D83-8334-3ED5003AB3F2}.Debug|Any CPU.ActiveCfg = Debug|Any CPU
		{734893DC-6C4A-4D83-8334-3ED5003AB3F2}.Debug|Any CPU.Build.0 = Debug|Any CPU
		{734893DC-6C4A-4D83-8334-3ED5003AB3F2}.Release|Any CPU.ActiveCfg = Release|Any CPU
		{734893DC-6C4A-4D83-8334-3ED5003AB3F2}.Release|Any CPU.Build.0 = Release|Any CPU
	EndGlobalSection
	GlobalSection(SolutionProperties) = preSolution
		HideSolutionNode = FALSE
	EndGlobalSection
	GlobalSection(ExtensibilityGlobals) = postSolution
		SolutionGuid = {4E1FC93E-804B-4152-8417-A65745A6638B}
	EndGlobalSection
EndGlobal
